
Microsoft Visual Studio Solution File, Format Version 12.00
# Visual Studio Version 17
VisualStudioVersion = 17.3.32901.215
MinimumVisualStudioVersion = 10.0.40219.1
Project("{FAE04EC0-301F-11D3-BF4B-00C04F79EFBC}") = "combox örnek 2 _ 1359", "combox örnek 2 _ 1359\combox örnek 2 _ 1359.csproj", "{7EDAB095-6504-4436-8DB8-6F74BC3AA1C3}"
EndProject
Global
	GlobalSection(SolutionConfigurationPlatforms) = preSolution
		Debug|Any CPU = Debug|Any CPU
		Release|Any CPU = Release|Any CPU
	EndGlobalSection
	GlobalSection(ProjectConfigurationPlatforms) = postSolution
		{7EDAB095-6504-4436-8DB8-6F74BC3AA1C3}.Debug|Any CPU.ActiveCfg = Debug|Any CPU
		{7EDAB095-6504-4436-8DB8-6F74BC3AA1C3}.Debug|Any CPU.Build.0 = Debug|Any CPU
		{7EDAB095-6504-4436-8DB8-6F74BC3AA1C3}.Release|Any CPU.ActiveCfg = Release|Any CPU
		{7EDAB095-6504-4436-8DB8-6F74BC3AA1C3}.Release|Any CPU.Build.0 = Release|Any CPU
	EndGlobalSection
	GlobalSection(SolutionProperties) = preSolution
		HideSolutionNode = FALSE
	EndGlobalSection
	GlobalSection(ExtensibilityGlobals) = postSolution
		SolutionGuid = {CD515413-FFAE-4305-B6F2-6A444793C23D}
	EndGlobalSection
EndGlobal
